{
    "name": "enketo-literacy-test-widget",
    "version": "1.0.0",
    "lockfileVersion": 1,
    "requires": true,
    "dependencies": {
        "bootstrap-datepicker": {
            "version": "1.9.0",
            "resolved": "https://registry.npmjs.org/bootstrap-datepicker/-/bootstrap-datepicker-1.9.0.tgz",
            "integrity": "sha512-9rYYbaVOheGYxjOr/+bJCmRPihfy+LkLSg4fIFMT9Od8WwWB/MB50w0JO1eBgKUMbb7PFHQD5uAfI3ArAxZRXA==",
            "requires": {
                "jquery": ">=1.7.1 <4.0.0"
            }
        },
        "enketo-core": {
            "version": "5.18.1",
            "resolved": "https://registry.npmjs.org/enketo-core/-/enketo-core-5.18.1.tgz",
            "integrity": "sha512-hk3l+EVghy1KTKUr01C5x0Ps3cr8nQMPxwx65E1qpOLuH3mY8TtpiWIy1XXJo4fkX4Wc8dLek8o9YYsVcNripg==",
            "requires": {
                "bootstrap-datepicker": "1.9.x",
                "html5sortable": "^0.13.2",
                "jquery": "^3.6.0",
                "jquery-touchswipe": "^1.6.19",
                "leaflet": "^1.7.1",
                "leaflet-draw": "github:enketo/Leaflet.draw#ff73078",
                "leaflet.gridlayer.googlemutant": "^0.13.4",
                "mergexml": "1.2.1",
                "node-forge": "^0.10.0",
                "openrosa-xpath-evaluator": "^2.0.7",
                "signature_pad": "2.3.x"
            }
        },
        "formidable": {
            "version": "1.2.6",
            "resolved": "https://registry.npmjs.org/formidable/-/formidable-1.2.6.tgz",
            "integrity": "sha512-KcpbcpuLNOwrEjnbpMC0gS+X8ciDoZE1kkqzat4a8vrprf+s9pKNQ/QIwWfbfs4ltgmFl3MD177SNTkve3BwGQ=="
        },
        "html5sortable": {
            "version": "0.13.3",
            "resolved": "https://registry.npmjs.org/html5sortable/-/html5sortable-0.13.3.tgz",
            "integrity": "sha512-rmglSaNttGo4LY33PFW51mgeD1ItvHyfS9cRCD+Cj9Msj/xFaG/sZjLGVtPbtxYJmhY/c8jtw6G07yWhC2ifEw=="
        },
        "jquery": {
            "version": "3.6.4",
            "resolved": "https://registry.npmjs.org/jquery/-/jquery-3.6.4.tgz",
            "integrity": "sha512-v28EW9DWDFpzcD9O5iyJXg3R3+q+mET5JhnjJzQUZMHOv67bpSIHq81GEYpPNZHG+XXHsfSme3nxp/hndKEcsQ=="
        },
        "jquery-touchswipe": {
            "version": "1.6.19",
            "resolved": "https://registry.npmjs.org/jquery-touchswipe/-/jquery-touchswipe-1.6.19.tgz",
            "integrity": "sha512-b0BGje9reNRU3u6ksAK9QqnX7yBRgLNe/wYG7DOfyDlhBlYjayIT8bSOHmcuvptIDW/ubM9CTW/mnZf9Rohuow=="
        },
        "leaflet": {
            "version": "1.9.3",
            "resolved": "https://registry.npmjs.org/leaflet/-/leaflet-1.9.3.tgz",
            "integrity": "sha512-iB2cR9vAkDOu5l3HAay2obcUHZ7xwUBBjph8+PGtmW/2lYhbLizWtG7nTeYht36WfOslixQF9D/uSIzhZgGMfQ=="
        },
        "leaflet-draw": {
            "version": "github:enketo/Leaflet.draw#ff730785db7fcccbf2485ffcf4dffe1238a7c617",
            "from": "github:enketo/Leaflet.draw#ff73078"
        },
        "leaflet.gridlayer.googlemutant": {
            "version": "0.13.5",
            "resolved": "https://registry.npmjs.org/leaflet.gridlayer.googlemutant/-/leaflet.gridlayer.googlemutant-0.13.5.tgz",
            "integrity": "sha512-DHUEXpo1t0WZ9tpdLUHHkrTK7LldCXr/gqkV5E/4hHidDJB2srceLLCZj4PV/pl0jPdTkVBT+Lr8nL9EZDB5hw=="
        },
        "mergexml": {
            "version": "1.2.1",
            "resolved": "https://registry.npmjs.org/mergexml/-/mergexml-1.2.1.tgz",
            "integrity": "sha512-IOW62CoY+QfpzsVrDhNG8hKAZnIRhmMldKfbl6/VAUecW6tUNWWtkWroCW4wSXaZp46GRwtUmZjGWCeK4FTS2w==",
            "requires": {
                "formidable": "^1.2.1",
                "xmldom": "^0.1.27",
                "xpath": "0.0.27"
            }
        },
        "node-forge": {
            "version": "0.10.0",
            "resolved": "https://registry.npmjs.org/node-forge/-/node-forge-0.10.0.tgz",
            "integrity": "sha512-PPmu8eEeG9saEUvI97fm4OYxXVB6bFvyNTyiUOBichBpFG8A1Ljw3bY62+5oOjDEMHRnd0Y7HQ+x7uzxOzC6JA=="
        },
        "openrosa-xpath-evaluator": {
            "version": "2.0.13",
            "resolved": "https://registry.npmjs.org/openrosa-xpath-evaluator/-/openrosa-xpath-evaluator-2.0.13.tgz",
            "integrity": "sha512-EZDaR0sE813EHBk06eN5X1gn3sgkbFG33S6eMi8zH7y25q5y23wKrnNyvQ7+9gEgOnR9pmFI9T0bpEM48yxwqg=="
        },
        "signature_pad": {
            "version": "2.3.2",
            "resolved": "https://registry.npmjs.org/signature_pad/-/signature_pad-2.3.2.tgz",
            "integrity": "sha512-peYXLxOsIY6MES2TrRLDiNg2T++8gGbpP2yaC+6Ohtxr+a2dzoaqWosWDY9sWqTAAk6E/TyQO+LJw9zQwyu5kA=="
        },
        "xmldom": {
            "version": "0.1.31",
            "resolved": "https://registry.npmjs.org/xmldom/-/xmldom-0.1.31.tgz",
            "integrity": "sha512-yS2uJflVQs6n+CyjHoaBmVSqIDevTAWrzMmjG1Gc7h1qQ7uVozNhEPJAwZXWyGQ/Gafo3fCwrcaokezLPupVyQ=="
        },
        "xpath": {
            "version": "0.0.27",
            "resolved": "https://registry.npmjs.org/xpath/-/xpath-0.0.27.tgz",
            "integrity": "sha512-fg03WRxtkCV6ohClePNAECYsmpKKTv5L8y/X3Dn1hQrec3POx2jHZ/0P2qQ6HvsrU1BmeqXcof3NGGueG6LxwQ=="
        }
    }
}
