{
    "name": "enketo-literacy-test-widget",
    "version": "1.0.0",
    "lockfileVersion": 1,
    "requires": true,
    "dependencies": {
        "@babel/polyfill": {
            "version": "7.4.4",
            "resolved": "https://registry.npmjs.org/@babel/polyfill/-/polyfill-7.4.4.tgz",
            "integrity": "sha512-WlthFLfhQQhh+A2Gn5NSFl0Huxz36x86Jn+E9OW7ibK8edKPq+KLy4apM1yDpQ8kJOVi1OVjpP4vSDLdrI04dg==",
            "requires": {
                "core-js": "^2.6.5",
                "regenerator-runtime": "^0.13.2"
            },
            "dependencies": {
                "core-js": {
                    "version": "2.6.9",
                    "resolved": "https://registry.npmjs.org/core-js/-/core-js-2.6.9.tgz",
                    "integrity": "sha512-HOpZf6eXmnl7la+cUdMnLvUxKNqLUzJvgIziQ0DiF3JwSImNphIqdGqzj6hIKyX04MmV0poclQ7+wjWvxQyR2A=="
                }
            }
        },
        "bootstrap-datepicker": {
            "version": "1.8.0",
            "resolved": "https://registry.npmjs.org/bootstrap-datepicker/-/bootstrap-datepicker-1.8.0.tgz",
            "integrity": "sha512-213St/G8KT3mjs4qu4qwww74KWysMaIeqgq5OhrboZjIjemIpyuxlSo9FNNI5+KzpkkxkRRba+oewiRGV42B1A==",
            "requires": {
                "jquery": ">=1.7.1 <4.0.0"
            }
        },
        "core-js": {
            "version": "3.0.1",
            "resolved": "https://registry.npmjs.org/core-js/-/core-js-3.0.1.tgz",
            "integrity": "sha512-sco40rF+2KlE0ROMvydjkrVMMG1vYilP2ALoRXcYR4obqbYIuV3Bg+51GEDW+HF8n7NRA+iaA4qD0nD9lo9mew=="
        },
        "enketo-core": {
            "version": "5.4.1",
            "resolved": "https://registry.npmjs.org/enketo-core/-/enketo-core-5.4.1.tgz",
            "integrity": "sha512-73yvt50On1P+klOiOQvSaU8h5oCSm4YBR+9jRT7sJ4/qqoCcdWXw7mEBS1rB7aYYRPRhrqb+c9Wh63zPhvbiPQ==",
            "requires": {
                "@babel/polyfill": "^7.2.5",
                "bootstrap-datepicker": "1.8.x",
                "core-js": "3.0.x",
                "enketo-xpathjs": "1.9.2",
                "html5sortable": "0.9.10",
                "jquery": "3.3.x",
                "jquery-touchswipe": "^1.6.19",
                "leaflet": "1.4.x",
                "leaflet-draw": "github:enketo/Leaflet.draw#ff73078",
                "leaflet.gridlayer.googlemutant": "0.8.x",
                "mergexml": "1.1.2",
                "signature_pad": "2.3.x"
            }
        },
        "enketo-xpathjs": {
            "version": "1.9.2",
            "resolved": "https://registry.npmjs.org/enketo-xpathjs/-/enketo-xpathjs-1.9.2.tgz",
            "integrity": "sha512-+WZNlgFlhzre9BfY3jkxRYWGl/Utxv/XHYU78TbRqQ/9NEQrWFwhSc2sgiB4ibIXsC2oygtMG83/5hw4Hb1uug=="
        },
        "html5sortable": {
            "version": "0.9.10",
            "resolved": "https://registry.npmjs.org/html5sortable/-/html5sortable-0.9.10.tgz",
            "integrity": "sha512-VLKNQQbpOqA9b0v4XNAt/6bhonGdDo2I23kquencNC0S8n894u3/19LH/puaSead55r2lMqLTVsd0x8TZYZROQ=="
        },
        "jquery": {
            "version": "3.3.1",
            "resolved": "https://registry.npmjs.org/jquery/-/jquery-3.3.1.tgz",
            "integrity": "sha512-Ubldcmxp5np52/ENotGxlLe6aGMvmF4R8S6tZjsP6Knsaxd/xp3Zrh50cG93lR6nPXyUFwzN3ZSOQI0wRJNdGg=="
        },
        "jquery-touchswipe": {
            "version": "1.6.19",
            "resolved": "https://registry.npmjs.org/jquery-touchswipe/-/jquery-touchswipe-1.6.19.tgz",
            "integrity": "sha512-b0BGje9reNRU3u6ksAK9QqnX7yBRgLNe/wYG7DOfyDlhBlYjayIT8bSOHmcuvptIDW/ubM9CTW/mnZf9Rohuow=="
        },
        "leaflet": {
            "version": "1.4.0",
            "resolved": "https://registry.npmjs.org/leaflet/-/leaflet-1.4.0.tgz",
            "integrity": "sha512-x9j9tGY1+PDLN9pcWTx9/y6C5nezoTMB8BLK5jTakx+H7bPlnbCHfi9Hjg+Qt36sgDz/cb9lrSpNQXmk45Tvhw=="
        },
        "leaflet-draw": {
            "version": "github:enketo/Leaflet.draw#ff730785db7fcccbf2485ffcf4dffe1238a7c617",
            "from": "github:enketo/Leaflet.draw#ff73078"
        },
        "leaflet.gridlayer.googlemutant": {
            "version": "0.8.0",
            "resolved": "https://registry.npmjs.org/leaflet.gridlayer.googlemutant/-/leaflet.gridlayer.googlemutant-0.8.0.tgz",
            "integrity": "sha512-Ain+jgDKRhlM6qNDDj2QFJa9vXUqV096N0PmpHO3DoNLS4I7EynTQCJXN+9qY4C51ZpV4Q4CI+apNv5XiP5aUA=="
        },
        "mergexml": {
            "version": "1.1.2",
            "resolved": "https://registry.npmjs.org/mergexml/-/mergexml-1.1.2.tgz",
            "integrity": "sha1-2ocDqzl03lB7Pbrq4xWAIql/vjA="
        },
        "regenerator-runtime": {
            "version": "0.13.2",
            "resolved": "https://registry.npmjs.org/regenerator-runtime/-/regenerator-runtime-0.13.2.tgz",
            "integrity": "sha512-S/TQAZJO+D3m9xeN1WTI8dLKBBiRgXBlTJvbWjCThHWZj9EvHK70Ff50/tYj2J/fvBY6JtFVwRuazHN2E7M9BA=="
        },
        "signature_pad": {
            "version": "2.3.2",
            "resolved": "https://registry.npmjs.org/signature_pad/-/signature_pad-2.3.2.tgz",
            "integrity": "sha512-peYXLxOsIY6MES2TrRLDiNg2T++8gGbpP2yaC+6Ohtxr+a2dzoaqWosWDY9sWqTAAk6E/TyQO+LJw9zQwyu5kA=="
        }
    }
}
