{
    "name": "enketo-literacy-test-widget",
    "version": "1.0.0",
    "lockfileVersion": 2,
    "requires": true,
    "packages": {
        "": {
            "name": "enketo-literacy-test-widget",
            "version": "1.0.0",
            "license": "Apache-2.0",
            "dependencies": {
                "enketo-core": "7.2.3"
            }
        },
        "node_modules/@xmldom/xmldom": {
            "version": "0.7.13",
            "resolved": "https://registry.npmjs.org/@xmldom/xmldom/-/xmldom-0.7.13.tgz",
            "integrity": "sha512-lm2GW5PkosIzccsaZIz7tp8cPADSIlIHWDFTR1N0SzfinhhYgeIQjFMz4rYzanCScr3DqQLeomUDArp6MWKm+g==",
            "engines": {
                "node": ">=10.0.0"
            }
        },
        "node_modules/bootstrap-datepicker": {
            "version": "1.9.0",
            "resolved": "https://registry.npmjs.org/bootstrap-datepicker/-/bootstrap-datepicker-1.9.0.tgz",
            "integrity": "sha512-9rYYbaVOheGYxjOr/+bJCmRPihfy+LkLSg4fIFMT9Od8WwWB/MB50w0JO1eBgKUMbb7PFHQD5uAfI3ArAxZRXA==",
            "dependencies": {
                "jquery": ">=1.7.1 <4.0.0"
            }
        },
        "node_modules/drag-drop-touch": {
            "version": "1.3.1",
            "resolved": "https://registry.npmjs.org/drag-drop-touch/-/drag-drop-touch-1.3.1.tgz",
            "integrity": "sha512-Q0/ZgsnW7VUjn+YqSnp1rvxjjPnZX5YLyVaw28einood+eTMcLzgOgHk8nyqIF9O18J68l+2htlEnbw5GsyTvQ=="
        },
        "node_modules/enketo-core": {
            "version": "7.2.3",
            "resolved": "https://registry.npmjs.org/enketo-core/-/enketo-core-7.2.3.tgz",
            "integrity": "sha512-mAizlEOeDlX2hDJzBfe8FnrIwqYH4RqeOBRN18wTncqoWUUwZ/FbJwHkN3up1RIOyv9zKUgc/oLv0eiz2NAOZw==",
            "hasInstallScript": true,
            "os": [
                "darwin",
                "linux",
                "win32"
            ],
            "dependencies": {
                "bootstrap-datepicker": "1.9.x",
                "drag-drop-touch": "^1.3.1",
                "html5sortable": "^0.13.3",
                "jquery": "3.6.3",
                "jquery-touchswipe": "^1.6.19",
                "leaflet": "^1.9.3",
                "leaflet-draw": "github:enketo/Leaflet.draw#ff73078",
                "leaflet.gridlayer.googlemutant": "^0.13.5",
                "mergexml": "1.2.3",
                "node-forge": "^1.3.1",
                "openrosa-xpath-evaluator": "^2.0.13",
                "signature_pad": "^4.1.5"
            },
            "engines": {
                "node": ">=14 <17",
                "npm": ">=6 <7"
            }
        },
        "node_modules/formidable": {
            "version": "1.2.6",
            "resolved": "https://registry.npmjs.org/formidable/-/formidable-1.2.6.tgz",
            "integrity": "sha512-KcpbcpuLNOwrEjnbpMC0gS+X8ciDoZE1kkqzat4a8vrprf+s9pKNQ/QIwWfbfs4ltgmFl3MD177SNTkve3BwGQ==",
            "deprecated": "Please upgrade to latest, formidable@v2 or formidable@v3! Check these notes: https://bit.ly/2ZEqIau",
            "funding": {
                "url": "https://ko-fi.com/tunnckoCore/commissions"
            }
        },
        "node_modules/html5sortable": {
            "version": "0.13.3",
            "resolved": "https://registry.npmjs.org/html5sortable/-/html5sortable-0.13.3.tgz",
            "integrity": "sha512-rmglSaNttGo4LY33PFW51mgeD1ItvHyfS9cRCD+Cj9Msj/xFaG/sZjLGVtPbtxYJmhY/c8jtw6G07yWhC2ifEw=="
        },
        "node_modules/jquery": {
            "version": "3.6.3",
            "resolved": "https://registry.npmjs.org/jquery/-/jquery-3.6.3.tgz",
            "integrity": "sha512-bZ5Sy3YzKo9Fyc8wH2iIQK4JImJ6R0GWI9kL1/k7Z91ZBNgkRXE6U0JfHIizZbort8ZunhSI3jw9I6253ahKfg=="
        },
        "node_modules/jquery-touchswipe": {
            "version": "1.6.19",
            "resolved": "https://registry.npmjs.org/jquery-touchswipe/-/jquery-touchswipe-1.6.19.tgz",
            "integrity": "sha512-b0BGje9reNRU3u6ksAK9QqnX7yBRgLNe/wYG7DOfyDlhBlYjayIT8bSOHmcuvptIDW/ubM9CTW/mnZf9Rohuow=="
        },
        "node_modules/leaflet": {
            "version": "1.9.4",
            "resolved": "https://registry.npmjs.org/leaflet/-/leaflet-1.9.4.tgz",
            "integrity": "sha512-nxS1ynzJOmOlHp+iL3FyWqK89GtNL8U8rvlMOsQdTTssxZwCXh8N2NB3GDQOL+YR3XnWyZAxwQixURb+FA74PA=="
        },
        "node_modules/leaflet-draw": {
            "version": "1.0.4",
            "resolved": "git+ssh://git@github.com/enketo/Leaflet.draw.git#ff730785db7fcccbf2485ffcf4dffe1238a7c617",
            "integrity": "sha512-nbe13CEZ27rvcGnGptlTFz9pIi9p0MIJAebUrE+/ekKoH12TKHR/7NHn8gtttk22KPCvMjaqSsaikwBqj2vhFg==",
            "license": "MIT"
        },
        "node_modules/leaflet.gridlayer.googlemutant": {
            "version": "0.13.5",
            "resolved": "https://registry.npmjs.org/leaflet.gridlayer.googlemutant/-/leaflet.gridlayer.googlemutant-0.13.5.tgz",
            "integrity": "sha512-DHUEXpo1t0WZ9tpdLUHHkrTK7LldCXr/gqkV5E/4hHidDJB2srceLLCZj4PV/pl0jPdTkVBT+Lr8nL9EZDB5hw=="
        },
        "node_modules/mergexml": {
            "version": "1.2.3",
            "resolved": "https://registry.npmjs.org/mergexml/-/mergexml-1.2.3.tgz",
            "integrity": "sha512-sNc9qswtLUoGmN0MB3dY+MCIJqCGEZZrtYp0Z5Iwsk6ELc/V96SFIuv5Y6O6tYAsFtdpJcPFV0FgOSHSciJLbA==",
            "dependencies": {
                "@xmldom/xmldom": "^0.7.0",
                "formidable": "^1.2.1",
                "xpath": "0.0.27"
            }
        },
        "node_modules/node-forge": {
            "version": "1.3.1",
            "resolved": "https://registry.npmjs.org/node-forge/-/node-forge-1.3.1.tgz",
            "integrity": "sha512-dPEtOeMvF9VMcYV/1Wb8CPoVAXtp6MKMlcbAt4ddqmGqUJ6fQZFXkNZNkNlfevtNkGtaSoXf/vNNNSvgrdXwtA==",
            "engines": {
                "node": ">= 6.13.0"
            }
        },
        "node_modules/openrosa-xpath-evaluator": {
            "version": "2.0.13",
            "resolved": "https://registry.npmjs.org/openrosa-xpath-evaluator/-/openrosa-xpath-evaluator-2.0.13.tgz",
            "integrity": "sha512-EZDaR0sE813EHBk06eN5X1gn3sgkbFG33S6eMi8zH7y25q5y23wKrnNyvQ7+9gEgOnR9pmFI9T0bpEM48yxwqg==",
            "peerDependencies": {
                "node-forge": "^1.2.1"
            }
        },
        "node_modules/signature_pad": {
            "version": "4.1.6",
            "resolved": "https://registry.npmjs.org/signature_pad/-/signature_pad-4.1.6.tgz",
            "integrity": "sha512-eoZB8qFPfCs7o00weajp5roNnE2gY2kTNjZsh805L8V+lYPagxoZi9qrBFS3A6sgbVq++ukdzgruK7tuv3JFXQ=="
        },
        "node_modules/xpath": {
            "version": "0.0.27",
            "resolved": "https://registry.npmjs.org/xpath/-/xpath-0.0.27.tgz",
            "integrity": "sha512-fg03WRxtkCV6ohClePNAECYsmpKKTv5L8y/X3Dn1hQrec3POx2jHZ/0P2qQ6HvsrU1BmeqXcof3NGGueG6LxwQ==",
            "engines": {
                "node": ">=0.6.0"
            }
        }
    },
    "dependencies": {
        "@xmldom/xmldom": {
            "version": "0.7.13",
            "resolved": "https://registry.npmjs.org/@xmldom/xmldom/-/xmldom-0.7.13.tgz",
            "integrity": "sha512-lm2GW5PkosIzccsaZIz7tp8cPADSIlIHWDFTR1N0SzfinhhYgeIQjFMz4rYzanCScr3DqQLeomUDArp6MWKm+g=="
        },
        "bootstrap-datepicker": {
            "version": "1.9.0",
            "resolved": "https://registry.npmjs.org/bootstrap-datepicker/-/bootstrap-datepicker-1.9.0.tgz",
            "integrity": "sha512-9rYYbaVOheGYxjOr/+bJCmRPihfy+LkLSg4fIFMT9Od8WwWB/MB50w0JO1eBgKUMbb7PFHQD5uAfI3ArAxZRXA==",
            "requires": {
                "jquery": ">=1.7.1 <4.0.0"
            }
        },
        "drag-drop-touch": {
            "version": "1.3.1",
            "resolved": "https://registry.npmjs.org/drag-drop-touch/-/drag-drop-touch-1.3.1.tgz",
            "integrity": "sha512-Q0/ZgsnW7VUjn+YqSnp1rvxjjPnZX5YLyVaw28einood+eTMcLzgOgHk8nyqIF9O18J68l+2htlEnbw5GsyTvQ=="
        },
        "enketo-core": {
            "version": "7.2.3",
            "resolved": "https://registry.npmjs.org/enketo-core/-/enketo-core-7.2.3.tgz",
            "integrity": "sha512-mAizlEOeDlX2hDJzBfe8FnrIwqYH4RqeOBRN18wTncqoWUUwZ/FbJwHkN3up1RIOyv9zKUgc/oLv0eiz2NAOZw==",
            "requires": {
                "bootstrap-datepicker": "1.9.x",
                "drag-drop-touch": "^1.3.1",
                "html5sortable": "^0.13.3",
                "jquery": "3.6.3",
                "jquery-touchswipe": "^1.6.19",
                "leaflet": "^1.9.3",
                "leaflet-draw": "github:enketo/Leaflet.draw#ff73078",
                "leaflet.gridlayer.googlemutant": "^0.13.5",
                "mergexml": "1.2.3",
                "node-forge": "^1.3.1",
                "openrosa-xpath-evaluator": "^2.0.13",
                "signature_pad": "^4.1.5"
            }
        },
        "formidable": {
            "version": "1.2.6",
            "resolved": "https://registry.npmjs.org/formidable/-/formidable-1.2.6.tgz",
            "integrity": "sha512-KcpbcpuLNOwrEjnbpMC0gS+X8ciDoZE1kkqzat4a8vrprf+s9pKNQ/QIwWfbfs4ltgmFl3MD177SNTkve3BwGQ=="
        },
        "html5sortable": {
            "version": "0.13.3",
            "resolved": "https://registry.npmjs.org/html5sortable/-/html5sortable-0.13.3.tgz",
            "integrity": "sha512-rmglSaNttGo4LY33PFW51mgeD1ItvHyfS9cRCD+Cj9Msj/xFaG/sZjLGVtPbtxYJmhY/c8jtw6G07yWhC2ifEw=="
        },
        "jquery": {
            "version": "3.6.3",
            "resolved": "https://registry.npmjs.org/jquery/-/jquery-3.6.3.tgz",
            "integrity": "sha512-bZ5Sy3YzKo9Fyc8wH2iIQK4JImJ6R0GWI9kL1/k7Z91ZBNgkRXE6U0JfHIizZbort8ZunhSI3jw9I6253ahKfg=="
        },
        "jquery-touchswipe": {
            "version": "1.6.19",
            "resolved": "https://registry.npmjs.org/jquery-touchswipe/-/jquery-touchswipe-1.6.19.tgz",
            "integrity": "sha512-b0BGje9reNRU3u6ksAK9QqnX7yBRgLNe/wYG7DOfyDlhBlYjayIT8bSOHmcuvptIDW/ubM9CTW/mnZf9Rohuow=="
        },
        "leaflet": {
            "version": "1.9.4",
            "resolved": "https://registry.npmjs.org/leaflet/-/leaflet-1.9.4.tgz",
            "integrity": "sha512-nxS1ynzJOmOlHp+iL3FyWqK89GtNL8U8rvlMOsQdTTssxZwCXh8N2NB3GDQOL+YR3XnWyZAxwQixURb+FA74PA=="
        },
        "leaflet-draw": {
            "version": "git+ssh://git@github.com/enketo/Leaflet.draw.git#ff730785db7fcccbf2485ffcf4dffe1238a7c617",
            "from": "leaflet-draw@github:enketo/Leaflet.draw#ff73078"
        },
        "leaflet.gridlayer.googlemutant": {
            "version": "0.13.5",
            "resolved": "https://registry.npmjs.org/leaflet.gridlayer.googlemutant/-/leaflet.gridlayer.googlemutant-0.13.5.tgz",
            "integrity": "sha512-DHUEXpo1t0WZ9tpdLUHHkrTK7LldCXr/gqkV5E/4hHidDJB2srceLLCZj4PV/pl0jPdTkVBT+Lr8nL9EZDB5hw=="
        },
        "mergexml": {
            "version": "1.2.3",
            "resolved": "https://registry.npmjs.org/mergexml/-/mergexml-1.2.3.tgz",
            "integrity": "sha512-sNc9qswtLUoGmN0MB3dY+MCIJqCGEZZrtYp0Z5Iwsk6ELc/V96SFIuv5Y6O6tYAsFtdpJcPFV0FgOSHSciJLbA==",
            "requires": {
                "@xmldom/xmldom": "^0.7.0",
                "formidable": "^1.2.1",
                "xpath": "0.0.27"
            }
        },
        "node-forge": {
            "version": "1.3.1",
            "resolved": "https://registry.npmjs.org/node-forge/-/node-forge-1.3.1.tgz",
            "integrity": "sha512-dPEtOeMvF9VMcYV/1Wb8CPoVAXtp6MKMlcbAt4ddqmGqUJ6fQZFXkNZNkNlfevtNkGtaSoXf/vNNNSvgrdXwtA=="
        },
        "openrosa-xpath-evaluator": {
            "version": "2.0.13",
            "resolved": "https://registry.npmjs.org/openrosa-xpath-evaluator/-/openrosa-xpath-evaluator-2.0.13.tgz",
            "integrity": "sha512-EZDaR0sE813EHBk06eN5X1gn3sgkbFG33S6eMi8zH7y25q5y23wKrnNyvQ7+9gEgOnR9pmFI9T0bpEM48yxwqg==",
            "requires": {}
        },
        "signature_pad": {
            "version": "4.1.6",
            "resolved": "https://registry.npmjs.org/signature_pad/-/signature_pad-4.1.6.tgz",
            "integrity": "sha512-eoZB8qFPfCs7o00weajp5roNnE2gY2kTNjZsh805L8V+lYPagxoZi9qrBFS3A6sgbVq++ukdzgruK7tuv3JFXQ=="
        },
        "xpath": {
            "version": "0.0.27",
            "resolved": "https://registry.npmjs.org/xpath/-/xpath-0.0.27.tgz",
            "integrity": "sha512-fg03WRxtkCV6ohClePNAECYsmpKKTv5L8y/X3Dn1hQrec3POx2jHZ/0P2qQ6HvsrU1BmeqXcof3NGGueG6LxwQ=="
        }
    }
}
